
Microsoft Visual Studio Solution File, Format Version 12.00
# Visual Studio Version 17
VisualStudioVersion = 17.7.34024.191
MinimumVisualStudioVersion = 10.0.40219.1
Project("{FAE04EC0-301F-11D3-BF4B-00C04F79EFBC}") = "DBC", "DBC.csproj", "{E6D1209A-CD71-4905-9DB7-502A34D98878}"
EndProject
Global
	GlobalSection(SolutionConfigurationPlatforms) = preSolution
		Debug|Any CPU = Debug|Any CPU
		Release|Any CPU = Release|Any CPU
	EndGlobalSection
	GlobalSection(ProjectConfigurationPlatforms) = postSolution
		{E6D1209A-CD71-4905-9DB7-502A34D98878}.Debug|Any CPU.ActiveCfg = Debug|Any CPU
		{E6D1209A-CD71-4905-9DB7-502A34D98878}.Debug|Any CPU.Build.0 = Debug|Any CPU
		{E6D1209A-CD71-4905-9DB7-502A34D98878}.Release|Any CPU.ActiveCfg = Release|Any CPU
		{E6D1209A-CD71-4905-9DB7-502A34D98878}.Release|Any CPU.Build.0 = Release|Any CPU
	EndGlobalSection
	GlobalSection(SolutionProperties) = preSolution
		HideSolutionNode = FALSE
	EndGlobalSection
	GlobalSection(ExtensibilityGlobals) = postSolution
		SolutionGuid = {5AAE53AA-1A6C-4C8C-9B4D-BB7495A7428F}
	EndGlobalSection
EndGlobal
