
Microsoft Visual Studio Solution File, Format Version 12.00
# Visual Studio Version 17
VisualStudioVersion = 17.7.34031.279
MinimumVisualStudioVersion = 10.0.40219.1
Project("{FAE04EC0-301F-11D3-BF4B-00C04F79EFBC}") = "Calculator", "Calculator.csproj", "{0186A3A2-462F-41D6-8B1D-9800175BB0EB}"
EndProject
Global
	GlobalSection(SolutionConfigurationPlatforms) = preSolution
		Debug|Any CPU = Debug|Any CPU
		Release|Any CPU = Release|Any CPU
	EndGlobalSection
	GlobalSection(ProjectConfigurationPlatforms) = postSolution
		{0186A3A2-462F-41D6-8B1D-9800175BB0EB}.Debug|Any CPU.ActiveCfg = Debug|Any CPU
		{0186A3A2-462F-41D6-8B1D-9800175BB0EB}.Debug|Any CPU.Build.0 = Debug|Any CPU
		{0186A3A2-462F-41D6-8B1D-9800175BB0EB}.Release|Any CPU.ActiveCfg = Release|Any CPU
		{0186A3A2-462F-41D6-8B1D-9800175BB0EB}.Release|Any CPU.Build.0 = Release|Any CPU
	EndGlobalSection
	GlobalSection(SolutionProperties) = preSolution
		HideSolutionNode = FALSE
	EndGlobalSection
	GlobalSection(ExtensibilityGlobals) = postSolution
		SolutionGuid = {855D2B10-CAD8-4BC9-BF39-7E362F3CCCD3}
	EndGlobalSection
EndGlobal
